
Microsoft Visual Studio Solution File, Format Version 12.00
# Visual Studio 15
VisualStudioVersion = 15.0.26124.0
MinimumVisualStudioVersion = 15.0.26124.0
Project("{2150E333-8FDC-42A3-9474-1A3956D46DE8}") = "src", "src", "{EF744746-1870-4FFC-80C3-7A4416C19F72}"
EndProject
Project("{FAE04EC0-301F-11D3-BF4B-00C04F79EFBC}") = "BankEventStore.Api", "src\BankEventStore.Api\BankEventStore.Api.csproj", "{159C5602-3D09-4817-A3DE-AEE9F5821529}"
EndProject
Project("{FAE04EC0-301F-11D3-BF4B-00C04F79EFBC}") = "BankEventStore.Application", "src\BankEventStore.Application\BankEventStore.Application.csproj", "{0FD1F398-A024-4160-825C-5334D7234374}"
EndProject
Project("{FAE04EC0-301F-11D3-BF4B-00C04F79EFBC}") = "BankEventStore.Infrastructure", "src\BankEventStore.Infrastructure\BankEventStore.Infrastructure.csproj", "{358F3BBE-4CDD-4BE8-B2B3-AD933510C729}"
EndProject
Project("{FAE04EC0-301F-11D3-BF4B-00C04F79EFBC}") = "BankEventStore.Core", "src\BankEventStore.Core\BankEventStore.Core.csproj", "{5C94BA6D-6408-4C69-B733-D9D0877BAB0E}"
EndProject
Global
	GlobalSection(SolutionConfigurationPlatforms) = preSolution
		Debug|Any CPU = Debug|Any CPU
		Debug|x64 = Debug|x64
		Debug|x86 = Debug|x86
		Release|Any CPU = Release|Any CPU
		Release|x64 = Release|x64
		Release|x86 = Release|x86
	EndGlobalSection
	GlobalSection(SolutionProperties) = preSolution
		HideSolutionNode = FALSE
	EndGlobalSection
	GlobalSection(ProjectConfigurationPlatforms) = postSolution
		{159C5602-3D09-4817-A3DE-AEE9F5821529}.Debug|Any CPU.ActiveCfg = Debug|Any CPU
		{159C5602-3D09-4817-A3DE-AEE9F5821529}.Debug|Any CPU.Build.0 = Debug|Any CPU
		{159C5602-3D09-4817-A3DE-AEE9F5821529}.Debug|x64.ActiveCfg = Debug|Any CPU
		{159C5602-3D09-4817-A3DE-AEE9F5821529}.Debug|x64.Build.0 = Debug|Any CPU
		{159C5602-3D09-4817-A3DE-AEE9F5821529}.Debug|x86.ActiveCfg = Debug|Any CPU
		{159C5602-3D09-4817-A3DE-AEE9F5821529}.Debug|x86.Build.0 = Debug|Any CPU
		{159C5602-3D09-4817-A3DE-AEE9F5821529}.Release|Any CPU.ActiveCfg = Release|Any CPU
		{159C5602-3D09-4817-A3DE-AEE9F5821529}.Release|Any CPU.Build.0 = Release|Any CPU
		{159C5602-3D09-4817-A3DE-AEE9F5821529}.Release|x64.ActiveCfg = Release|Any CPU
		{159C5602-3D09-4817-A3DE-AEE9F5821529}.Release|x64.Build.0 = Release|Any CPU
		{159C5602-3D09-4817-A3DE-AEE9F5821529}.Release|x86.ActiveCfg = Release|Any CPU
		{159C5602-3D09-4817-A3DE-AEE9F5821529}.Release|x86.Build.0 = Release|Any CPU
		{0FD1F398-A024-4160-825C-5334D7234374}.Debug|Any CPU.ActiveCfg = Debug|Any CPU
		{0FD1F398-A024-4160-825C-5334D7234374}.Debug|Any CPU.Build.0 = Debug|Any CPU
		{0FD1F398-A024-4160-825C-5334D7234374}.Debug|x64.ActiveCfg = Debug|Any CPU
		{0FD1F398-A024-4160-825C-5334D7234374}.Debug|x64.Build.0 = Debug|Any CPU
		{0FD1F398-A024-4160-825C-5334D7234374}.Debug|x86.ActiveCfg = Debug|Any CPU
		{0FD1F398-A024-4160-825C-5334D7234374}.Debug|x86.Build.0 = Debug|Any CPU
		{0FD1F398-A024-4160-825C-5334D7234374}.Release|Any CPU.ActiveCfg = Release|Any CPU
		{0FD1F398-A024-4160-825C-5334D7234374}.Release|Any CPU.Build.0 = Release|Any CPU
		{0FD1F398-A024-4160-825C-5334D7234374}.Release|x64.ActiveCfg = Release|Any CPU
		{0FD1F398-A024-4160-825C-5334D7234374}.Release|x64.Build.0 = Release|Any CPU
		{0FD1F398-A024-4160-825C-5334D7234374}.Release|x86.ActiveCfg = Release|Any CPU
		{0FD1F398-A024-4160-825C-5334D7234374}.Release|x86.Build.0 = Release|Any CPU
		{358F3BBE-4CDD-4BE8-B2B3-AD933510C729}.Debug|Any CPU.ActiveCfg = Debug|Any CPU
		{358F3BBE-4CDD-4BE8-B2B3-AD933510C729}.Debug|Any CPU.Build.0 = Debug|Any CPU
		{358F3BBE-4CDD-4BE8-B2B3-AD933510C729}.Debug|x64.ActiveCfg = Debug|Any CPU
		{358F3BBE-4CDD-4BE8-B2B3-AD933510C729}.Debug|x64.Build.0 = Debug|Any CPU
		{358F3BBE-4CDD-4BE8-B2B3-AD933510C729}.Debug|x86.ActiveCfg = Debug|Any CPU
		{358F3BBE-4CDD-4BE8-B2B3-AD933510C729}.Debug|x86.Build.0 = Debug|Any CPU
		{358F3BBE-4CDD-4BE8-B2B3-AD933510C729}.Release|Any CPU.ActiveCfg = Release|Any CPU
		{358F3BBE-4CDD-4BE8-B2B3-AD933510C729}.Release|Any CPU.Build.0 = Release|Any CPU
		{358F3BBE-4CDD-4BE8-B2B3-AD933510C729}.Release|x64.ActiveCfg = Release|Any CPU
		{358F3BBE-4CDD-4BE8-B2B3-AD933510C729}.Release|x64.Build.0 = Release|Any CPU
		{358F3BBE-4CDD-4BE8-B2B3-AD933510C729}.Release|x86.ActiveCfg = Release|Any CPU
		{358F3BBE-4CDD-4BE8-B2B3-AD933510C729}.Release|x86.Build.0 = Release|Any CPU
		{5C94BA6D-6408-4C69-B733-D9D0877BAB0E}.Debug|Any CPU.ActiveCfg = Debug|Any CPU
		{5C94BA6D-6408-4C69-B733-D9D0877BAB0E}.Debug|Any CPU.Build.0 = Debug|Any CPU
		{5C94BA6D-6408-4C69-B733-D9D0877BAB0E}.Debug|x64.ActiveCfg = Debug|Any CPU
		{5C94BA6D-6408-4C69-B733-D9D0877BAB0E}.Debug|x64.Build.0 = Debug|Any CPU
		{5C94BA6D-6408-4C69-B733-D9D0877BAB0E}.Debug|x86.ActiveCfg = Debug|Any CPU
		{5C94BA6D-6408-4C69-B733-D9D0877BAB0E}.Debug|x86.Build.0 = Debug|Any CPU
		{5C94BA6D-6408-4C69-B733-D9D0877BAB0E}.Release|Any CPU.ActiveCfg = Release|Any CPU
		{5C94BA6D-6408-4C69-B733-D9D0877BAB0E}.Release|Any CPU.Build.0 = Release|Any CPU
		{5C94BA6D-6408-4C69-B733-D9D0877BAB0E}.Release|x64.ActiveCfg = Release|Any CPU
		{5C94BA6D-6408-4C69-B733-D9D0877BAB0E}.Release|x64.Build.0 = Release|Any CPU
		{5C94BA6D-6408-4C69-B733-D9D0877BAB0E}.Release|x86.ActiveCfg = Release|Any CPU
		{5C94BA6D-6408-4C69-B733-D9D0877BAB0E}.Release|x86.Build.0 = Release|Any CPU
	EndGlobalSection
	GlobalSection(NestedProjects) = preSolution
		{159C5602-3D09-4817-A3DE-AEE9F5821529} = {EF744746-1870-4FFC-80C3-7A4416C19F72}
		{0FD1F398-A024-4160-825C-5334D7234374} = {EF744746-1870-4FFC-80C3-7A4416C19F72}
		{358F3BBE-4CDD-4BE8-B2B3-AD933510C729} = {EF744746-1870-4FFC-80C3-7A4416C19F72}
		{5C94BA6D-6408-4C69-B733-D9D0877BAB0E} = {EF744746-1870-4FFC-80C3-7A4416C19F72}
	EndGlobalSection
EndGlobal
